// !$*UTF8*$!
{
	archiveVersion = 1;
	classes = {
	};
	objectVersion = 56;
	objects = {

/* Begin PBXBuildFile section */
		DD5337CC2B1384C4002797C2 /* iOSBarcodeScannerApp.swift in Sources */ = {isa = PBXBuildFile; fileRef = DD5337CB2B1384C4002797C2 /* iOSBarcodeScannerApp.swift */; };
		DD5337CE2B1384C4002797C2 /* ContentView.swift in Sources */ = {isa = PBXBuildFile; fileRef = DD5337CD2B1384C4002797C2 /* ContentView.swift */; };
		DD5337D02B1384C5002797C2 /* Assets.xcassets in Resources */ = {isa = PBXBuildFile; fileRef = DD5337CF2B1384C5002797C2 /* Assets.xcassets */; };
		DD5337D42B1384C5002797C2 /* Preview Assets.xcassets in Resources */ = {isa = PBXBuildFile; fileRef = DD5337D32B1384C5002797C2 /* Preview Assets.xcassets */; };
		DD5337DE2B1384C6002797C2 /* iOSBarcodeScannerTests.swift in Sources */ = {isa = PBXBuildFile; fileRef = DD5337DD2B1384C6002797C2 /* iOSBarcodeScannerTests.swift */; };
		DD5337E82B1384C6002797C2 /* iOSBarcodeScannerUITests.swift in Sources */ = {isa = PBXBuildFile; fileRef = DD5337E72B1384C6002797C2 /* iOSBarcodeScannerUITests.swift */; };
		DD5337EA2B1384C6002797C2 /* iOSBarcodeScannerUITestsLaunchTests.swift in Sources */ = {isa = PBXBuildFile; fileRef = DD5337E92B1384C6002797C2 /* iOSBarcodeScannerUITestsLaunchTests.swift */; };
/* End PBXBuildFile section */

/* Begin PBXContainerItemProxy section */
		DD5337DA2B1384C6002797C2 /* PBXContainerItemProxy */ = {
			isa = PBXContainerItemProxy;
			containerPortal = DD5337C02B1384C4002797C2 /* Project object */;
			proxyType = 1;
			remoteGlobalIDString = DD5337C72B1384C4002797C2;
			remoteInfo = iOSBarcodeScanner;
		};
		DD5337E42B1384C6002797C2 /* PBXContainerItemProxy */ = {
			isa = PBXContainerItemProxy;
			containerPortal = DD5337C02B1384C4002797C2 /* Project object */;
			proxyType = 1;
			remoteGlobalIDString = DD5337C72B1384C4002797C2;
			remoteInfo = iOSBarcodeScanner;
		};
/* End PBXContainerItemProxy section */

/* Begin PBXFileReference section */
		DD5337C82B1384C4002797C2 /* iOSBarcodeScanner.app */ = {isa = PBXFileReference; explicitFileType = wrapper.application; includeInIndex = 0; path = iOSBarcodeScanner.app; sourceTree = BUILT_PRODUCTS_DIR; };
		DD5337CB2B1384C4002797C2 /* iOSBarcodeScannerApp.swift */ = {isa = PBXFileReference; lastKnownFileType = sourcecode.swift; path = iOSBarcodeScannerApp.swift; sourceTree = "<group>"; };
		DD5337CD2B1384C4002797C2 /* ContentView.swift */ = {isa = PBXFileReference; lastKnownFileType = sourcecode.swift; path = ContentView.swift; sourceTree = "<group>"; };
		DD5337CF2B1384C5002797C2 /* Assets.xcassets */ = {isa = PBXFileReference; lastKnownFileType = folder.assetcatalog; path = Assets.xcassets; sourceTree = "<group>"; };
		DD5337D12B1384C5002797C2 /* iOSBarcodeScanner.entitlements */ = {isa = PBXFileReference; lastKnownFileType = text.plist.entitlements; path = iOSBarcodeScanner.entitlements; sourceTree = "<group>"; };
		DD5337D32B1384C5002797C2 /* Preview Assets.xcassets */ = {isa = PBXFileReference; lastKnownFileType = folder.assetcatalog; path = "Preview Assets.xcassets"; sourceTree = "<group>"; };
		DD5337D92B1384C6002797C2 /* iOSBarcodeScannerTests.xctest */ = {isa = PBXFileReference; explicitFileType = wrapper.cfbundle; includeInIndex = 0; path = iOSBarcodeScannerTests.xctest; sourceTree = BUILT_PRODUCTS_DIR; };
		DD5337DD2B1384C6002797C2 /* iOSBarcodeScannerTests.swift */ = {isa = PBXFileReference; lastKnownFileType = sourcecode.swift; path = iOSBarcodeScannerTests.swift; sourceTree = "<group>"; };
		DD5337E32B1384C6002797C2 /* iOSBarcodeScannerUITests.xctest */ = {isa = PBXFileReference; explicitFileType = wrapper.cfbundle; includeInIndex = 0; path = iOSBarcodeScannerUITests.xctest; sourceTree = BUILT_PRODUCTS_DIR; };
		DD5337E72B1384C6002797C2 /* iOSBarcodeScannerUITests.swift */ = {isa = PBXFileReference; lastKnownFileType = sourcecode.swift; path = iOSBarcodeScannerUITests.swift; sourceTree = "<group>"; };
		DD5337E92B1384C6002797C2 /* iOSBarcodeScannerUITestsLaunchTests.swift */ = {isa = PBXFileReference; lastKnownFileType = sourcecode.swift; path = iOSBarcodeScannerUITestsLaunchTests.swift; sourceTree = "<group>"; };
/* End PBXFileReference section */

/* Begin PBXFrameworksBuildPhase section */
		DD5337C52B1384C4002797C2 /* Frameworks */ = {
			isa = PBXFrameworksBuildPhase;
			buildActionMask = 2147483647;
			files = (
			);
			runOnlyForDeploymentPostprocessing = 0;
		};
		DD5337D62B1384C6002797C2 /* Frameworks */ = {
			isa = PBXFrameworksBuildPhase;
			buildActionMask = 2147483647;
			files = (
			);
			runOnlyForDeploymentPostprocessing = 0;
		};
		DD5337E02B1384C6002797C2 /* Frameworks */ = {
			isa = PBXFrameworksBuildPhase;
			buildActionMask = 2147483647;
			files = (
			);
			runOnlyForDeploymentPostprocessing = 0;
		};
/* End PBXFrameworksBuildPhase section */

/* Begin PBXGroup section */
		DD5337BF2B1384C4002797C2 = {
			isa = PBXGroup;
			children = (
				DD5337CA2B1384C4002797C2 /* iOSBarcodeScanner */,
				DD5337DC2B1384C6002797C2 /* iOSBarcodeScannerTests */,
				DD5337E62B1384C6002797C2 /* iOSBarcodeScannerUITests */,
				DD5337C92B1384C4002797C2 /* Products */,
			);
			sourceTree = "<group>";
		};
		DD5337C92B1384C4002797C2 /* Products */ = {
			isa = PBXGroup;
			children = (
				DD5337C82B1384C4002797C2 /* iOSBarcodeScanner.app */,
				DD5337D92B1384C6002797C2 /* iOSBarcodeScannerTests.xctest */,
				DD5337E32B1384C6002797C2 /* iOSBarcodeScannerUITests.xctest */,
			);
			name = Products;
			sourceTree = "<group>";
		};
		DD5337CA2B1384C4002797C2 /* iOSBarcodeScanner */ = {
			isa = PBXGroup;
			children = (
				DD5337CB2B1384C4002797C2 /* iOSBarcodeScannerApp.swift */,
				DD5337CD2B1384C4002797C2 /* ContentView.swift */,
				DD5337CF2B1384C5002797C2 /* Assets.xcassets */,
				DD5337D12B1384C5002797C2 /* iOSBarcodeScanner.entitlements */,
				DD5337D22B1384C5002797C2 /* Preview Content */,
			);
			path = iOSBarcodeScanner;
			sourceTree = "<group>";
		};
		DD5337D22B1384C5002797C2 /* Preview Content */ = {
			isa = PBXGroup;
			children = (
				DD5337D32B1384C5002797C2 /* Preview Assets.xcassets */,
			);
			path = "Preview Content";
			sourceTree = "<group>";
		};
		DD5337DC2B1384C6002797C2 /* iOSBarcodeScannerTests */ = {
			isa = PBXGroup;
			children = (
				DD5337DD2B1384C6002797C2 /* iOSBarcodeScannerTests.swift */,
			);
			path = iOSBarcodeScannerTests;
			sourceTree = "<group>";
		};
		DD5337E62B1384C6002797C2 /* iOSBarcodeScannerUITests */ = {
			isa = PBXGroup;
			children = (
				DD5337E72B1384C6002797C2 /* iOSBarcodeScannerUITests.swift */,
				DD5337E92B1384C6002797C2 /* iOSBarcodeScannerUITestsLaunchTests.swift */,
			);
			path = iOSBarcodeScannerUITests;
			sourceTree = "<group>";
		};
/* End PBXGroup section */

/* Begin PBXNativeTarget section */
		DD5337C72B1384C4002797C2 /* iOSBarcodeScanner */ = {
			isa = PBXNativeTarget;
			buildConfigurationList = DD5337ED2B1384C6002797C2 /* Build configuration list for PBXNativeTarget "iOSBarcodeScanner" */;
			buildPhases = (
				DD5337C42B1384C4002797C2 /* Sources */,
				DD5337C52B1384C4002797C2 /* Frameworks */,
				DD5337C62B1384C4002797C2 /* Resources */,
			);
			buildRules = (
			);
			dependencies = (
			);
			name = iOSBarcodeScanner;
			productName = iOSBarcodeScanner;
			productReference = DD5337C82B1384C4002797C2 /* iOSBarcodeScanner.app */;
			productType = "com.apple.product-type.application";
		};
		DD5337D82B1384C6002797C2 /* iOSBarcodeScannerTests */ = {
			isa = PBXNativeTarget;
			buildConfigurationList = DD5337F02B1384C6002797C2 /* Build configuration list for PBXNativeTarget "iOSBarcodeScannerTests" */;
			buildPhases = (
				DD5337D52B1384C6002797C2 /* Sources */,
				DD5337D62B1384C6002797C2 /* Frameworks */,
				DD5337D72B1384C6002797C2 /* Resources */,
			);
			buildRules = (
			);
			dependencies = (
				DD5337DB2B1384C6002797C2 /* PBXTargetDependency */,
			);
			name = iOSBarcodeScannerTests;
			productName = iOSBarcodeScannerTests;
			productReference = DD5337D92B1384C6002797C2 /* iOSBarcodeScannerTests.xctest */;
			productType = "com.apple.product-type.bundle.unit-test";
		};
		DD5337E22B1384C6002797C2 /* iOSBarcodeScannerUITests */ = {
			isa = PBXNativeTarget;
			buildConfigurationList = DD5337F32B1384C6002797C2 /* Build configuration list for PBXNativeTarget "iOSBarcodeScannerUITests" */;
			buildPhases = (
				DD5337DF2B1384C6002797C2 /* Sources */,
				DD5337E02B1384C6002797C2 /* Frameworks */,
				DD5337E12B1384C6002797C2 /* Resources */,
			);
			buildRules = (
			);
			dependencies = (
				DD5337E52B1384C6002797C2 /* PBXTargetDependency */,
			);
			name = iOSBarcodeScannerUITests;
			productName = iOSBarcodeScannerUITests;
			productReference = DD5337E32B1384C6002797C2 /* iOSBarcodeScannerUITests.xctest */;
			productType = "com.apple.product-type.bundle.ui-testing";
		};
/* End PBXNativeTarget section */

/* Begin PBXProject section */
		DD5337C02B1384C4002797C2 /* Project object */ = {
			isa = PBXProject;
			attributes = {
				BuildIndependentTargetsInParallel = 1;
				LastSwiftUpdateCheck = 1500;
				LastUpgradeCheck = 1500;
				TargetAttributes = {
					DD5337C72B1384C4002797C2 = {
						CreatedOnToolsVersion = 15.0.1;
					};
					DD5337D82B1384C6002797C2 = {
						CreatedOnToolsVersion = 15.0.1;
						TestTargetID = DD5337C72B1384C4002797C2;
					};
					DD5337E22B1384C6002797C2 = {
						CreatedOnToolsVersion = 15.0.1;
						TestTargetID = DD5337C72B1384C4002797C2;
					};
				};
			};
			buildConfigurationList = DD5337C32B1384C4002797C2 /* Build configuration list for PBXProject "iOSBarcodeScanner" */;
			compatibilityVersion = "Xcode 14.0";
			developmentRegion = en;
			hasScannedForEncodings = 0;
			knownRegions = (
				en,
				Base,
			);
			mainGroup = DD5337BF2B1384C4002797C2;
			productRefGroup = DD5337C92B1384C4002797C2 /* Products */;
			projectDirPath = "";
			projectRoot = "";
			targets = (
				DD5337C72B1384C4002797C2 /* iOSBarcodeScanner */,
				DD5337D82B1384C6002797C2 /* iOSBarcodeScannerTests */,
				DD5337E22B1384C6002797C2 /* iOSBarcodeScannerUITests */,
			);
		};
/* End PBXProject section */

/* Begin PBXResourcesBuildPhase section */
		DD5337C62B1384C4002797C2 /* Resources */ = {
			isa = PBXResourcesBuildPhase;
			buildActionMask = 2147483647;
			files = (
				DD5337D42B1384C5002797C2 /* Preview Assets.xcassets in Resources */,
				DD5337D02B1384C5002797C2 /* Assets.xcassets in Resources */,
			);
			runOnlyForDeploymentPostprocessing = 0;
		};
		DD5337D72B1384C6002797C2 /* Resources */ = {
			isa = PBXResourcesBuildPhase;
			buildActionMask = 2147483647;
			files = (
			);
			runOnlyForDeploymentPostprocessing = 0;
		};
		DD5337E12B1384C6002797C2 /* Resources */ = {
			isa = PBXResourcesBuildPhase;
			buildActionMask = 2147483647;
			files = (
			);
			runOnlyForDeploymentPostprocessing = 0;
		};
/* End PBXResourcesBuildPhase section */

/* Begin PBXSourcesBuildPhase section */
		DD5337C42B1384C4002797C2 /* Sources */ = {
			isa = PBXSourcesBuildPhase;
			buildActionMask = 2147483647;
			files = (
				DD5337CE2B1384C4002797C2 /* ContentView.swift in Sources */,
				DD5337CC2B1384C4002797C2 /* iOSBarcodeScannerApp.swift in Sources */,
			);
			runOnlyForDeploymentPostprocessing = 0;
		};
		DD5337D52B1384C6002797C2 /* Sources */ = {
			isa = PBXSourcesBuildPhase;
			buildActionMask = 2147483647;
			files = (
				DD5337DE2B1384C6002797C2 /* iOSBarcodeScannerTests.swift in Sources */,
			);
			runOnlyForDeploymentPostprocessing = 0;
		};
		DD5337DF2B1384C6002797C2 /* Sources */ = {
			isa = PBXSourcesBuildPhase;
			buildActionMask = 2147483647;
			files = (
				DD5337EA2B1384C6002797C2 /* iOSBarcodeScannerUITestsLaunchTests.swift in Sources */,
				DD5337E82B1384C6002797C2 /* iOSBarcodeScannerUITests.swift in Sources */,
			);
			runOnlyForDeploymentPostprocessing = 0;
		};
/* End PBXSourcesBuildPhase section */

/* Begin PBXTargetDependency section */
		DD5337DB2B1384C6002797C2 /* PBXTargetDependency */ = {
			isa = PBXTargetDependency;
			target = DD5337C72B1384C4002797C2 /* iOSBarcodeScanner */;
			targetProxy = DD5337DA2B1384C6002797C2 /* PBXContainerItemProxy */;
		};
		DD5337E52B1384C6002797C2 /* PBXTargetDependency */ = {
			isa = PBXTargetDependency;
			target = DD5337C72B1384C4002797C2 /* iOSBarcodeScanner */;
			targetProxy = DD5337E42B1384C6002797C2 /* PBXContainerItemProxy */;
		};
/* End PBXTargetDependency section */

/* Begin XCBuildConfiguration section */
		DD5337EB2B1384C6002797C2 /* Debug */ = {
			isa = XCBuildConfiguration;
			buildSettings = {
				ALWAYS_SEARCH_USER_PATHS = NO;
				ASSETCATALOG_COMPILER_GENERATE_SWIFT_ASSET_SYMBOL_EXTENSIONS = YES;
				CLANG_ANALYZER_NONNULL = YES;
				CLANG_ANALYZER_NUMBER_OBJECT_CONVERSION = YES_AGGRESSIVE;
				CLANG_CXX_LANGUAGE_STANDARD = "gnu++20";
				CLANG_ENABLE_MODULES = YES;
				CLANG_ENABLE_OBJC_ARC = YES;
				CLANG_ENABLE_OBJC_WEAK = YES;
				CLANG_WARN_BLOCK_CAPTURE_AUTORELEASING = YES;
				CLANG_WARN_BOOL_CONVERSION = YES;
				CLANG_WARN_COMMA = YES;
				CLANG_WARN_CONSTANT_CONVERSION = YES;
				CLANG_WARN_DEPRECATED_OBJC_IMPLEMENTATIONS = YES;
				CLANG_WARN_DIRECT_OBJC_ISA_USAGE = YES_ERROR;
				CLANG_WARN_DOCUMENTATION_COMMENTS = YES;
				CLANG_WARN_EMPTY_BODY = YES;
				CLANG_WARN_ENUM_CONVERSION = YES;
				CLANG_WARN_INFINITE_RECURSION = YES;
				CLANG_WARN_INT_CONVERSION = YES;
				CLANG_WARN_NON_LITERAL_NULL_CONVERSION = YES;
				CLANG_WARN_OBJC_IMPLICIT_RETAIN_SELF = YES;
				CLANG_WARN_OBJC_LITERAL_CONVERSION = YES;
				CLANG_WARN_OBJC_ROOT_CLASS = YES_ERROR;
				CLANG_WARN_QUOTED_INCLUDE_IN_FRAMEWORK_HEADER = YES;
				CLANG_WARN_RANGE_LOOP_ANALYSIS = YES;
				CLANG_WARN_STRICT_PROTOTYPES = YES;
				CLANG_WARN_SUSPICIOUS_MOVE = YES;
				CLANG_WARN_UNGUARDED_AVAILABILITY = YES_AGGRESSIVE;
				CLANG_WARN_UNREACHABLE_CODE = YES;
				CLANG_WARN__DUPLICATE_METHOD_MATCH = YES;
				COPY_PHASE_STRIP = NO;
				DEBUG_INFORMATION_FORMAT = dwarf;
				ENABLE_STRICT_OBJC_MSGSEND = YES;
				ENABLE_TESTABILITY = YES;
				ENABLE_USER_SCRIPT_SANDBOXING = YES;
				GCC_C_LANGUAGE_STANDARD = gnu17;
				GCC_DYNAMIC_NO_PIC = NO;
				GCC_NO_COMMON_BLOCKS = YES;
				GCC_OPTIMIZATION_LEVEL = 0;
				GCC_PREPROCESSOR_DEFINITIONS = (
					"DEBUG=1",
					"$(inherited)",
				);
				GCC_WARN_64_TO_32_BIT_CONVERSION = YES;
				GCC_WARN_ABOUT_RETURN_TYPE = YES_ERROR;
				GCC_WARN_UNDECLARED_SELECTOR = YES;
				GCC_WARN_UNINITIALIZED_AUTOS = YES_AGGRESSIVE;
				GCC_WARN_UNUSED_FUNCTION = YES;
				GCC_WARN_UNUSED_VARIABLE = YES;
				LOCALIZATION_PREFERS_STRING_CATALOGS = YES;
				MTL_ENABLE_DEBUG_INFO = INCLUDE_SOURCE;
				MTL_FAST_MATH = YES;
				ONLY_ACTIVE_ARCH = YES;
				SWIFT_ACTIVE_COMPILATION_CONDITIONS = "DEBUG $(inherited)";
				SWIFT_OPTIMIZATION_LEVEL = "-Onone";
			};
			name = Debug;
		};
		DD5337EC2B1384C6002797C2 /* Release */ = {
			isa = XCBuildConfiguration;
			buildSettings = {
				ALWAYS_SEARCH_USER_PATHS = NO;
				ASSETCATALOG_COMPILER_GENERATE_SWIFT_ASSET_SYMBOL_EXTENSIONS = YES;
				CLANG_ANALYZER_NONNULL = YES;
				CLANG_ANALYZER_NUMBER_OBJECT_CONVERSION = YES_AGGRESSIVE;
				CLANG_CXX_LANGUAGE_STANDARD = "gnu++20";
				CLANG_ENABLE_MODULES = YES;
				CLANG_ENABLE_OBJC_ARC = YES;
				CLANG_ENABLE_OBJC_WEAK = YES;
				CLANG_WARN_BLOCK_CAPTURE_AUTORELEASING = YES;
				CLANG_WARN_BOOL_CONVERSION = YES;
				CLANG_WARN_COMMA = YES;
				CLANG_WARN_CONSTANT_CONVERSION = YES;
				CLANG_WARN_DEPRECATED_OBJC_IMPLEMENTATIONS = YES;
				CLANG_WARN_DIRECT_OBJC_ISA_USAGE = YES_ERROR;
				CLANG_WARN_DOCUMENTATION_COMMENTS = YES;
				CLANG_WARN_EMPTY_BODY = YES;
				CLANG_WARN_ENUM_CONVERSION = YES;
				CLANG_WARN_INFINITE_RECURSION = YES;
				CLANG_WARN_INT_CONVERSION = YES;
				CLANG_WARN_NON_LITERAL_NULL_CONVERSION = YES;
				CLANG_WARN_OBJC_IMPLICIT_RETAIN_SELF = YES;
				CLANG_WARN_OBJC_LITERAL_CONVERSION = YES;
				CLANG_WARN_OBJC_ROOT_CLASS = YES_ERROR;
				CLANG_WARN_QUOTED_INCLUDE_IN_FRAMEWORK_HEADER = YES;
				CLANG_WARN_RANGE_LOOP_ANALYSIS = YES;
				CLANG_WARN_STRICT_PROTOTYPES = YES;
				CLANG_WARN_SUSPICIOUS_MOVE = YES;
				CLANG_WARN_UNGUARDED_AVAILABILITY = YES_AGGRESSIVE;
				CLANG_WARN_UNREACHABLE_CODE = YES;
				CLANG_WARN__DUPLICATE_METHOD_MATCH = YES;
				COPY_PHASE_STRIP = NO;
				DEBUG_INFORMATION_FORMAT = "dwarf-with-dsym";
				ENABLE_NS_ASSERTIONS = NO;
				ENABLE_STRICT_OBJC_MSGSEND = YES;
				ENABLE_USER_SCRIPT_SANDBOXING = YES;
				GCC_C_LANGUAGE_STANDARD = gnu17;
				GCC_NO_COMMON_BLOCKS = YES;
				GCC_WARN_64_TO_32_BIT_CONVERSION = YES;
				GCC_WARN_ABOUT_RETURN_TYPE = YES_ERROR;
				GCC_WARN_UNDECLARED_SELECTOR = YES;
				GCC_WARN_UNINITIALIZED_AUTOS = YES_AGGRESSIVE;
				GCC_WARN_UNUSED_FUNCTION = YES;
				GCC_WARN_UNUSED_VARIABLE = YES;
				LOCALIZATION_PREFERS_STRING_CATALOGS = YES;
				MTL_ENABLE_DEBUG_INFO = NO;
				MTL_FAST_MATH = YES;
				SWIFT_COMPILATION_MODE = wholemodule;
			};
			name = Release;
		};
		DD5337EE2B1384C6002797C2 /* Debug */ = {
			isa = XCBuildConfiguration;
			buildSettings = {
				ASSETCATALOG_COMPILER_APPICON_NAME = AppIcon;
				ASSETCATALOG_COMPILER_GLOBAL_ACCENT_COLOR_NAME = AccentColor;
				CODE_SIGN_ENTITLEMENTS = iOSBarcodeScanner/iOSBarcodeScanner.entitlements;
				CODE_SIGN_STYLE = Automatic;
				CURRENT_PROJECT_VERSION = 1;
				DEVELOPMENT_ASSET_PATHS = "\"iOSBarcodeScanner/Preview Content\"";
				ENABLE_PREVIEWS = YES;
				GENERATE_INFOPLIST_FILE = YES;
				"INFOPLIST_KEY_UIApplicationSceneManifest_Generation[sdk=iphoneos*]" = YES;
				"INFOPLIST_KEY_UIApplicationSceneManifest_Generation[sdk=iphonesimulator*]" = YES;
				"INFOPLIST_KEY_UIApplicationSupportsIndirectInputEvents[sdk=iphoneos*]" = YES;
				"INFOPLIST_KEY_UIApplicationSupportsIndirectInputEvents[sdk=iphonesimulator*]" = YES;
				"INFOPLIST_KEY_UILaunchScreen_Generation[sdk=iphoneos*]" = YES;
				"INFOPLIST_KEY_UILaunchScreen_Generation[sdk=iphonesimulator*]" = YES;
				"INFOPLIST_KEY_UIStatusBarStyle[sdk=iphoneos*]" = UIStatusBarStyleDefault;
				"INFOPLIST_KEY_UIStatusBarStyle[sdk=iphonesimulator*]" = UIStatusBarStyleDefault;
				INFOPLIST_KEY_UISupportedInterfaceOrientations_iPad = "UIInterfaceOrientationPortrait UIInterfaceOrientationPortraitUpsideDown UIInterfaceOrientationLandscapeLeft UIInterfaceOrientationLandscapeRight";
				INFOPLIST_KEY_UISupportedInterfaceOrientations_iPhone = "UIInterfaceOrientationPortrait UIInterfaceOrientationLandscapeLeft UIInterfaceOrientationLandscapeRight";
				IPHONEOS_DEPLOYMENT_TARGET = 17.0;
				LD_RUNPATH_SEARCH_PATHS = "@executable_path/Frameworks";
				"LD_RUNPATH_SEARCH_PATHS[sdk=macosx*]" = "@executable_path/../Frameworks";
				MACOSX_DEPLOYMENT_TARGET = 14.0;
				MARKETING_VERSION = 1.0;
				PRODUCT_BUNDLE_IDENTIFIER = com.testJe.iOSBarcodeScanner;
				PRODUCT_NAME = "$(TARGET_NAME)";
				SDKROOT = auto;
				SUPPORTED_PLATFORMS = "iphoneos iphonesimulator macosx";
				SWIFT_EMIT_LOC_STRINGS = YES;
				SWIFT_VERSION = 5.0;
				TARGETED_DEVICE_FAMILY = "1,2";
			};
			name = Debug;
		};
		DD5337EF2B1384C6002797C2 /* Release */ = {
			isa = XCBuildConfiguration;
			buildSettings = {
				ASSETCATALOG_COMPILER_APPICON_NAME = AppIcon;
				ASSETCATALOG_COMPILER_GLOBAL_ACCENT_COLOR_NAME = AccentColor;
				CODE_SIGN_ENTITLEMENTS = iOSBarcodeScanner/iOSBarcodeScanner.entitlements;
				CODE_SIGN_STYLE = Automatic;
				CURRENT_PROJECT_VERSION = 1;
				DEVELOPMENT_ASSET_PATHS = "\"iOSBarcodeScanner/Preview Content\"";
				ENABLE_PREVIEWS = YES;
				GENERATE_INFOPLIST_FILE = YES;
				"INFOPLIST_KEY_UIApplicationSceneManifest_Generation[sdk=iphoneos*]" = YES;
				"INFOPLIST_KEY_UIApplicationSceneManifest_Generation[sdk=iphonesimulator*]" = YES;
				"INFOPLIST_KEY_UIApplicationSupportsIndirectInputEvents[sdk=iphoneos*]" = YES;
				"INFOPLIST_KEY_UIApplicationSupportsIndirectInputEvents[sdk=iphonesimulator*]" = YES;
				"INFOPLIST_KEY_UILaunchScreen_Generation[sdk=iphoneos*]" = YES;
				"INFOPLIST_KEY_UILaunchScreen_Generation[sdk=iphonesimulator*]" = YES;
				"INFOPLIST_KEY_UIStatusBarStyle[sdk=iphoneos*]" = UIStatusBarStyleDefault;
				"INFOPLIST_KEY_UIStatusBarStyle[sdk=iphonesimulator*]" = UIStatusBarStyleDefault;
				INFOPLIST_KEY_UISupportedInterfaceOrientations_iPad = "UIInterfaceOrientationPortrait UIInterfaceOrientationPortraitUpsideDown UIInterfaceOrientationLandscapeLeft UIInterfaceOrientationLandscapeRight";
				INFOPLIST_KEY_UISupportedInterfaceOrientations_iPhone = "UIInterfaceOrientationPortrait UIInterfaceOrientationLandscapeLeft UIInterfaceOrientationLandscapeRight";
				IPHONEOS_DEPLOYMENT_TARGET = 17.0;
				LD_RUNPATH_SEARCH_PATHS = "@executable_path/Frameworks";
				"LD_RUNPATH_SEARCH_PATHS[sdk=macosx*]" = "@executable_path/../Frameworks";
				MACOSX_DEPLOYMENT_TARGET = 14.0;
				MARKETING_VERSION = 1.0;
				PRODUCT_BUNDLE_IDENTIFIER = com.testJe.iOSBarcodeScanner;
				PRODUCT_NAME = "$(TARGET_NAME)";
				SDKROOT = auto;
				SUPPORTED_PLATFORMS = "iphoneos iphonesimulator macosx";
				SWIFT_EMIT_LOC_STRINGS = YES;
				SWIFT_VERSION = 5.0;
				TARGETED_DEVICE_FAMILY = "1,2";
			};
			name = Release;
		};
		DD5337F12B1384C6002797C2 /* Debug */ = {
			isa = XCBuildConfiguration;
			buildSettings = {
				ALWAYS_EMBED_SWIFT_STANDARD_LIBRARIES = YES;
				BUNDLE_LOADER = "$(TEST_HOST)";
				CODE_SIGN_STYLE = Automatic;
				CURRENT_PROJECT_VERSION = 1;
				GENERATE_INFOPLIST_FILE = YES;
				IPHONEOS_DEPLOYMENT_TARGET = 17.0;
				MACOSX_DEPLOYMENT_TARGET = 14.0;
				MARKETING_VERSION = 1.0;
				PRODUCT_BUNDLE_IDENTIFIER = com.testJe.iOSBarcodeScannerTests;
				PRODUCT_NAME = "$(TARGET_NAME)";
				SDKROOT = auto;
				SUPPORTED_PLATFORMS = "iphoneos iphonesimulator macosx";
				SWIFT_EMIT_LOC_STRINGS = NO;
				SWIFT_VERSION = 5.0;
				TARGETED_DEVICE_FAMILY = "1,2";
				TEST_HOST = "$(BUILT_PRODUCTS_DIR)/iOSBarcodeScanner.app/$(BUNDLE_EXECUTABLE_FOLDER_PATH)/iOSBarcodeScanner";
			};
			name = Debug;
		};
		DD5337F22B1384C6002797C2 /* Release */ = {
			isa = XCBuildConfiguration;
			buildSettings = {
				ALWAYS_EMBED_SWIFT_STANDARD_LIBRARIES = YES;
				BUNDLE_LOADER = "$(TEST_HOST)";
				CODE_SIGN_STYLE = Automatic;
				CURRENT_PROJECT_VERSION = 1;
				GENERATE_INFOPLIST_FILE = YES;
				IPHONEOS_DEPLOYMENT_TARGET = 17.0;
				MACOSX_DEPLOYMENT_TARGET = 14.0;
				MARKETING_VERSION = 1.0;
				PRODUCT_BUNDLE_IDENTIFIER = com.testJe.iOSBarcodeScannerTests;
				PRODUCT_NAME = "$(TARGET_NAME)";
				SDKROOT = auto;
				SUPPORTED_PLATFORMS = "iphoneos iphonesimulator macosx";
				SWIFT_EMIT_LOC_STRINGS = NO;
				SWIFT_VERSION = 5.0;
				TARGETED_DEVICE_FAMILY = "1,2";
				TEST_HOST = "$(BUILT_PRODUCTS_DIR)/iOSBarcodeScanner.app/$(BUNDLE_EXECUTABLE_FOLDER_PATH)/iOSBarcodeScanner";
			};
			name = Release;
		};
		DD5337F42B1384C6002797C2 /* Debug */ = {
			isa = XCBuildConfiguration;
			buildSettings = {
				ALWAYS_EMBED_SWIFT_STANDARD_LIBRARIES = YES;
				CODE_SIGN_STYLE = Automatic;
				CURRENT_PROJECT_VERSION = 1;
				GENERATE_INFOPLIST_FILE = YES;
				IPHONEOS_DEPLOYMENT_TARGET = 17.0;
				MACOSX_DEPLOYMENT_TARGET = 14.0;
				MARKETING_VERSION = 1.0;
				PRODUCT_BUNDLE_IDENTIFIER = com.testJe.iOSBarcodeScannerUITests;
				PRODUCT_NAME = "$(TARGET_NAME)";
				SDKROOT = auto;
				SUPPORTED_PLATFORMS = "iphoneos iphonesimulator macosx";
				SWIFT_EMIT_LOC_STRINGS = NO;
				SWIFT_VERSION = 5.0;
				TARGETED_DEVICE_FAMILY = "1,2";
				TEST_TARGET_NAME = iOSBarcodeScanner;
			};
			name = Debug;
		};
		DD5337F52B1384C6002797C2 /* Release */ = {
			isa = XCBuildConfiguration;
			buildSettings = {
				ALWAYS_EMBED_SWIFT_STANDARD_LIBRARIES = YES;
				CODE_SIGN_STYLE = Automatic;
				CURRENT_PROJECT_VERSION = 1;
				GENERATE_INFOPLIST_FILE = YES;
				IPHONEOS_DEPLOYMENT_TARGET = 17.0;
				MACOSX_DEPLOYMENT_TARGET = 14.0;
				MARKETING_VERSION = 1.0;
				PRODUCT_BUNDLE_IDENTIFIER = com.testJe.iOSBarcodeScannerUITests;
				PRODUCT_NAME = "$(TARGET_NAME)";
				SDKROOT = auto;
				SUPPORTED_PLATFORMS = "iphoneos iphonesimulator macosx";
				SWIFT_EMIT_LOC_STRINGS = NO;
				SWIFT_VERSION = 5.0;
				TARGETED_DEVICE_FAMILY = "1,2";
				TEST_TARGET_NAME = iOSBarcodeScanner;
			};
			name = Release;
		};
/* End XCBuildConfiguration section */

/* Begin XCConfigurationList section */
		DD5337C32B1384C4002797C2 /* Build configuration list for PBXProject "iOSBarcodeScanner" */ = {
			isa = XCConfigurationList;
			buildConfigurations = (
				DD5337EB2B1384C6002797C2 /* Debug */,
				DD5337EC2B1384C6002797C2 /* Release */,
			);
			defaultConfigurationIsVisible = 0;
			defaultConfigurationName = Release;
		};
		DD5337ED2B1384C6002797C2 /* Build configuration list for PBXNativeTarget "iOSBarcodeScanner" */ = {
			isa = XCConfigurationList;
			buildConfigurations = (
				DD5337EE2B1384C6002797C2 /* Debug */,
				DD5337EF2B1384C6002797C2 /* Release */,
			);
			defaultConfigurationIsVisible = 0;
			defaultConfigurationName = Release;
		};
		DD5337F02B1384C6002797C2 /* Build configuration list for PBXNativeTarget "iOSBarcodeScannerTests" */ = {
			isa = XCConfigurationList;
			buildConfigurations = (
				DD5337F12B1384C6002797C2 /* Debug */,
				DD5337F22B1384C6002797C2 /* Release */,
			);
			defaultConfigurationIsVisible = 0;
			defaultConfigurationName = Release;
		};
		DD5337F32B1384C6002797C2 /* Build configuration list for PBXNativeTarget "iOSBarcodeScannerUITests" */ = {
			isa = XCConfigurationList;
			buildConfigurations = (
				DD5337F42B1384C6002797C2 /* Debug */,
				DD5337F52B1384C6002797C2 /* Release */,
			);
			defaultConfigurationIsVisible = 0;
			defaultConfigurationName = Release;
		};
/* End XCConfigurationList section */
	};
	rootObject = DD5337C02B1384C4002797C2 /* Project object */;
}
